
Microsoft Visual Studio Solution File, Format Version 12.00
# Visual Studio 2015
Project("{FAE04EC0-301F-11D3-BF4B-00C04F79EFBC}") = "Space Ship Battle DRY code.CSharp", "Space Ship Battle DRY code.CSharp.csproj", "{69180534-8D07-DB5A-8AD2-A39175E333EF}"
EndProject
Global
	GlobalSection(SolutionConfigurationPlatforms) = preSolution
		Debug|Any CPU = Debug|Any CPU
		Release|Any CPU = Release|Any CPU
	EndGlobalSection
	GlobalSection(ProjectConfigurationPlatforms) = postSolution
		{69180534-8D07-DB5A-8AD2-A39175E333EF}.Debug|Any CPU.ActiveCfg = Debug|Any CPU
		{69180534-8D07-DB5A-8AD2-A39175E333EF}.Debug|Any CPU.Build.0 = Debug|Any CPU
		{69180534-8D07-DB5A-8AD2-A39175E333EF}.Release|Any CPU.ActiveCfg = Release|Any CPU
		{69180534-8D07-DB5A-8AD2-A39175E333EF}.Release|Any CPU.Build.0 = Release|Any CPU
	EndGlobalSection
	GlobalSection(SolutionProperties) = preSolution
		HideSolutionNode = FALSE
	EndGlobalSection
EndGlobal
